
Microsoft Visual Studio Solution File, Format Version 12.00
# Visual Studio 14
VisualStudioVersion = 14.0.23107.0
MinimumVisualStudioVersion = 10.0.40219.1
Project("{FAE04EC0-301F-11D3-BF4B-00C04F79EFBC}") = "DefaultApp", "DefaultApp\DefaultApp\DefaultApp.csproj", "{D7EB6560-C6D7-4C5F-B715-454867C08B39}"
EndProject
Project("{FAE04EC0-301F-11D3-BF4B-00C04F79EFBC}") = "DefaultApp.AppWinForms", "DefaultApp\DefaultApp.AppWinForms\DefaultApp.AppWinForms.csproj", "{79124D15-0281-4E59-9E4C-661DDBD31EC3}"
EndProject
Project("{FAE04EC0-301F-11D3-BF4B-00C04F79EFBC}") = "DefaultApp.AppConsole", "DefaultApp\DefaultApp.AppConsole\DefaultApp.AppConsole.csproj", "{1C081140-E360-407D-BB74-164492F70477}"
EndProject
Project("{FAE04EC0-301F-11D3-BF4B-00C04F79EFBC}") = "DefaultApp.Resources", "DefaultApp\DefaultApp.Resources\DefaultApp.Resources.csproj", "{3F35FC9F-432C-4FD2-80EB-43D2F949C85F}"
EndProject
Project("{FAE04EC0-301F-11D3-BF4B-00C04F79EFBC}") = "DefaultApp.ServiceModel", "DefaultApp\DefaultApp.ServiceModel\DefaultApp.ServiceModel.csproj", "{2DACDDC0-C2AD-4F4C-9F9F-EF62C515A4B6}"
EndProject
Project("{FAE04EC0-301F-11D3-BF4B-00C04F79EFBC}") = "DefaultApp.ServiceInterface", "DefaultApp\DefaultApp.ServiceInterface\DefaultApp.ServiceInterface.csproj", "{F39CEF7C-C64D-418D-93D7-CCEFB794B0FA}"
EndProject
Project("{FAE04EC0-301F-11D3-BF4B-00C04F79EFBC}") = "DefaultApp.Tests", "DefaultApp\DefaultApp.Tests\DefaultApp.Tests.csproj", "{B1665387-EF91-4CA0-82BB-66E5781ED800}"
EndProject
Global
	GlobalSection(SolutionConfigurationPlatforms) = preSolution
		Debug|Any CPU = Debug|Any CPU
		Debug|x86 = Debug|x86
		Release|Any CPU = Release|Any CPU
		Release|x86 = Release|x86
	EndGlobalSection
	GlobalSection(ProjectConfigurationPlatforms) = postSolution
		{D7EB6560-C6D7-4C5F-B715-454867C08B39}.Debug|Any CPU.ActiveCfg = Debug|Any CPU
		{D7EB6560-C6D7-4C5F-B715-454867C08B39}.Debug|Any CPU.Build.0 = Debug|Any CPU
		{D7EB6560-C6D7-4C5F-B715-454867C08B39}.Debug|x86.ActiveCfg = Debug|Any CPU
		{D7EB6560-C6D7-4C5F-B715-454867C08B39}.Debug|x86.Build.0 = Debug|Any CPU
		{D7EB6560-C6D7-4C5F-B715-454867C08B39}.Release|Any CPU.ActiveCfg = Release|Any CPU
		{D7EB6560-C6D7-4C5F-B715-454867C08B39}.Release|Any CPU.Build.0 = Release|Any CPU
		{D7EB6560-C6D7-4C5F-B715-454867C08B39}.Release|x86.ActiveCfg = Release|Any CPU
		{D7EB6560-C6D7-4C5F-B715-454867C08B39}.Release|x86.Build.0 = Release|Any CPU
		{79124D15-0281-4E59-9E4C-661DDBD31EC3}.Debug|Any CPU.ActiveCfg = Debug|Any CPU
		{79124D15-0281-4E59-9E4C-661DDBD31EC3}.Debug|Any CPU.Build.0 = Debug|Any CPU
		{79124D15-0281-4E59-9E4C-661DDBD31EC3}.Debug|x86.ActiveCfg = Debug|x86
		{79124D15-0281-4E59-9E4C-661DDBD31EC3}.Debug|x86.Build.0 = Debug|x86
		{79124D15-0281-4E59-9E4C-661DDBD31EC3}.Release|Any CPU.ActiveCfg = Release|Any CPU
		{79124D15-0281-4E59-9E4C-661DDBD31EC3}.Release|Any CPU.Build.0 = Release|Any CPU
		{79124D15-0281-4E59-9E4C-661DDBD31EC3}.Release|x86.ActiveCfg = Release|x86
		{79124D15-0281-4E59-9E4C-661DDBD31EC3}.Release|x86.Build.0 = Release|x86
		{1C081140-E360-407D-BB74-164492F70477}.Debug|Any CPU.ActiveCfg = Debug|Any CPU
		{1C081140-E360-407D-BB74-164492F70477}.Debug|Any CPU.Build.0 = Debug|Any CPU
		{1C081140-E360-407D-BB74-164492F70477}.Debug|x86.ActiveCfg = Debug|Any CPU
		{1C081140-E360-407D-BB74-164492F70477}.Debug|x86.Build.0 = Debug|Any CPU
		{1C081140-E360-407D-BB74-164492F70477}.Release|Any CPU.ActiveCfg = Release|Any CPU
		{1C081140-E360-407D-BB74-164492F70477}.Release|Any CPU.Build.0 = Release|Any CPU
		{1C081140-E360-407D-BB74-164492F70477}.Release|x86.ActiveCfg = Release|Any CPU
		{1C081140-E360-407D-BB74-164492F70477}.Release|x86.Build.0 = Release|Any CPU
		{3F35FC9F-432C-4FD2-80EB-43D2F949C85F}.Debug|Any CPU.ActiveCfg = Debug|Any CPU
		{3F35FC9F-432C-4FD2-80EB-43D2F949C85F}.Debug|Any CPU.Build.0 = Debug|Any CPU
		{3F35FC9F-432C-4FD2-80EB-43D2F949C85F}.Debug|x86.ActiveCfg = Debug|Any CPU
		{3F35FC9F-432C-4FD2-80EB-43D2F949C85F}.Debug|x86.Build.0 = Debug|Any CPU
		{3F35FC9F-432C-4FD2-80EB-43D2F949C85F}.Release|Any CPU.ActiveCfg = Release|Any CPU
		{3F35FC9F-432C-4FD2-80EB-43D2F949C85F}.Release|Any CPU.Build.0 = Release|Any CPU
		{3F35FC9F-432C-4FD2-80EB-43D2F949C85F}.Release|x86.ActiveCfg = Release|Any CPU
		{3F35FC9F-432C-4FD2-80EB-43D2F949C85F}.Release|x86.Build.0 = Release|Any CPU
		{2DACDDC0-C2AD-4F4C-9F9F-EF62C515A4B6}.Debug|Any CPU.ActiveCfg = Debug|Any CPU
		{2DACDDC0-C2AD-4F4C-9F9F-EF62C515A4B6}.Debug|Any CPU.Build.0 = Debug|Any CPU
		{2DACDDC0-C2AD-4F4C-9F9F-EF62C515A4B6}.Debug|x86.ActiveCfg = Debug|Any CPU
		{2DACDDC0-C2AD-4F4C-9F9F-EF62C515A4B6}.Debug|x86.Build.0 = Debug|Any CPU
		{2DACDDC0-C2AD-4F4C-9F9F-EF62C515A4B6}.Release|Any CPU.ActiveCfg = Release|Any CPU
		{2DACDDC0-C2AD-4F4C-9F9F-EF62C515A4B6}.Release|Any CPU.Build.0 = Release|Any CPU
		{2DACDDC0-C2AD-4F4C-9F9F-EF62C515A4B6}.Release|x86.ActiveCfg = Release|Any CPU
		{2DACDDC0-C2AD-4F4C-9F9F-EF62C515A4B6}.Release|x86.Build.0 = Release|Any CPU
		{F39CEF7C-C64D-418D-93D7-CCEFB794B0FA}.Debug|Any CPU.ActiveCfg = Debug|Any CPU
		{F39CEF7C-C64D-418D-93D7-CCEFB794B0FA}.Debug|Any CPU.Build.0 = Debug|Any CPU
		{F39CEF7C-C64D-418D-93D7-CCEFB794B0FA}.Debug|x86.ActiveCfg = Debug|Any CPU
		{F39CEF7C-C64D-418D-93D7-CCEFB794B0FA}.Debug|x86.Build.0 = Debug|Any CPU
		{F39CEF7C-C64D-418D-93D7-CCEFB794B0FA}.Release|Any CPU.ActiveCfg = Release|Any CPU
		{F39CEF7C-C64D-418D-93D7-CCEFB794B0FA}.Release|Any CPU.Build.0 = Release|Any CPU
		{F39CEF7C-C64D-418D-93D7-CCEFB794B0FA}.Release|x86.ActiveCfg = Release|Any CPU
		{F39CEF7C-C64D-418D-93D7-CCEFB794B0FA}.Release|x86.Build.0 = Release|Any CPU
		{B1665387-EF91-4CA0-82BB-66E5781ED800}.Debug|Any CPU.ActiveCfg = Debug|Any CPU
		{B1665387-EF91-4CA0-82BB-66E5781ED800}.Debug|Any CPU.Build.0 = Debug|Any CPU
		{B1665387-EF91-4CA0-82BB-66E5781ED800}.Debug|x86.ActiveCfg = Debug|Any CPU
		{B1665387-EF91-4CA0-82BB-66E5781ED800}.Debug|x86.Build.0 = Debug|Any CPU
		{B1665387-EF91-4CA0-82BB-66E5781ED800}.Release|Any CPU.ActiveCfg = Release|Any CPU
		{B1665387-EF91-4CA0-82BB-66E5781ED800}.Release|Any CPU.Build.0 = Release|Any CPU
		{B1665387-EF91-4CA0-82BB-66E5781ED800}.Release|x86.ActiveCfg = Release|Any CPU
		{B1665387-EF91-4CA0-82BB-66E5781ED800}.Release|x86.Build.0 = Release|Any CPU
	EndGlobalSection
	GlobalSection(SolutionProperties) = preSolution
		HideSolutionNode = FALSE
	EndGlobalSection
EndGlobal
