
Microsoft Visual Studio Solution File, Format Version 12.00
# Visual Studio 14
VisualStudioVersion = 14.0.23107.0
MinimumVisualStudioVersion = 10.0.40219.1
Project("{FAE04EC0-301F-11D3-BF4B-00C04F79EFBC}") = "DefaultApp", "DefaultApp\DefaultApp\DefaultApp.csproj", "{4332F4F3-84FB-4E8C-A511-2E2EC82D8AD9}"
EndProject
Project("{FAE04EC0-301F-11D3-BF4B-00C04F79EFBC}") = "DefaultApp.AppWinForms", "DefaultApp\DefaultApp.AppWinForms\DefaultApp.AppWinForms.csproj", "{E604EE2B-8CE6-41AD-98B7-0C6C22B000C9}"
EndProject
Project("{FAE04EC0-301F-11D3-BF4B-00C04F79EFBC}") = "DefaultApp.AppConsole", "DefaultApp\DefaultApp.AppConsole\DefaultApp.AppConsole.csproj", "{1EBF8A1A-A1AB-4879-A5FF-96E1365AAAED}"
EndProject
Project("{FAE04EC0-301F-11D3-BF4B-00C04F79EFBC}") = "DefaultApp.Resources", "DefaultApp\DefaultApp.Resources\DefaultApp.Resources.csproj", "{0050D461-7062-4DA0-BA66-E01F057B66A2}"
EndProject
Project("{FAE04EC0-301F-11D3-BF4B-00C04F79EFBC}") = "DefaultApp.ServiceModel", "DefaultApp\DefaultApp.ServiceModel\DefaultApp.ServiceModel.csproj", "{365ACAB4-5A9A-4DF8-A0A5-6D3F6ADEC63B}"
EndProject
Project("{FAE04EC0-301F-11D3-BF4B-00C04F79EFBC}") = "DefaultApp.ServiceInterface", "DefaultApp\DefaultApp.ServiceInterface\DefaultApp.ServiceInterface.csproj", "{B082BD43-67CE-44AB-AA56-BB2172642CB8}"
EndProject
Project("{FAE04EC0-301F-11D3-BF4B-00C04F79EFBC}") = "DefaultApp.Tests", "DefaultApp\DefaultApp.Tests\DefaultApp.Tests.csproj", "{B1665387-EF91-4CA0-82BB-66E5781ED800}"
EndProject
Global
	GlobalSection(SolutionConfigurationPlatforms) = preSolution
		Debug|Any CPU = Debug|Any CPU
		Debug|x86 = Debug|x86
		Release|Any CPU = Release|Any CPU
		Release|x86 = Release|x86
	EndGlobalSection
	GlobalSection(ProjectConfigurationPlatforms) = postSolution
		{4332F4F3-84FB-4E8C-A511-2E2EC82D8AD9}.Debug|Any CPU.ActiveCfg = Debug|Any CPU
		{4332F4F3-84FB-4E8C-A511-2E2EC82D8AD9}.Debug|Any CPU.Build.0 = Debug|Any CPU
		{4332F4F3-84FB-4E8C-A511-2E2EC82D8AD9}.Debug|x86.ActiveCfg = Debug|Any CPU
		{4332F4F3-84FB-4E8C-A511-2E2EC82D8AD9}.Debug|x86.Build.0 = Debug|Any CPU
		{4332F4F3-84FB-4E8C-A511-2E2EC82D8AD9}.Release|Any CPU.ActiveCfg = Release|Any CPU
		{4332F4F3-84FB-4E8C-A511-2E2EC82D8AD9}.Release|Any CPU.Build.0 = Release|Any CPU
		{4332F4F3-84FB-4E8C-A511-2E2EC82D8AD9}.Release|x86.ActiveCfg = Release|Any CPU
		{4332F4F3-84FB-4E8C-A511-2E2EC82D8AD9}.Release|x86.Build.0 = Release|Any CPU
		{E604EE2B-8CE6-41AD-98B7-0C6C22B000C9}.Debug|Any CPU.ActiveCfg = Debug|Any CPU
		{E604EE2B-8CE6-41AD-98B7-0C6C22B000C9}.Debug|Any CPU.Build.0 = Debug|Any CPU
		{E604EE2B-8CE6-41AD-98B7-0C6C22B000C9}.Debug|x86.ActiveCfg = Debug|x86
		{E604EE2B-8CE6-41AD-98B7-0C6C22B000C9}.Debug|x86.Build.0 = Debug|x86
		{E604EE2B-8CE6-41AD-98B7-0C6C22B000C9}.Release|Any CPU.ActiveCfg = Release|Any CPU
		{E604EE2B-8CE6-41AD-98B7-0C6C22B000C9}.Release|Any CPU.Build.0 = Release|Any CPU
		{E604EE2B-8CE6-41AD-98B7-0C6C22B000C9}.Release|x86.ActiveCfg = Release|x86
		{E604EE2B-8CE6-41AD-98B7-0C6C22B000C9}.Release|x86.Build.0 = Release|x86
		{1EBF8A1A-A1AB-4879-A5FF-96E1365AAAED}.Debug|Any CPU.ActiveCfg = Debug|Any CPU
		{1EBF8A1A-A1AB-4879-A5FF-96E1365AAAED}.Debug|Any CPU.Build.0 = Debug|Any CPU
		{1EBF8A1A-A1AB-4879-A5FF-96E1365AAAED}.Debug|x86.ActiveCfg = Debug|Any CPU
		{1EBF8A1A-A1AB-4879-A5FF-96E1365AAAED}.Debug|x86.Build.0 = Debug|Any CPU
		{1EBF8A1A-A1AB-4879-A5FF-96E1365AAAED}.Release|Any CPU.ActiveCfg = Release|Any CPU
		{1EBF8A1A-A1AB-4879-A5FF-96E1365AAAED}.Release|Any CPU.Build.0 = Release|Any CPU
		{1EBF8A1A-A1AB-4879-A5FF-96E1365AAAED}.Release|x86.ActiveCfg = Release|Any CPU
		{1EBF8A1A-A1AB-4879-A5FF-96E1365AAAED}.Release|x86.Build.0 = Release|Any CPU
		{0050D461-7062-4DA0-BA66-E01F057B66A2}.Debug|Any CPU.ActiveCfg = Debug|Any CPU
		{0050D461-7062-4DA0-BA66-E01F057B66A2}.Debug|Any CPU.Build.0 = Debug|Any CPU
		{0050D461-7062-4DA0-BA66-E01F057B66A2}.Debug|x86.ActiveCfg = Debug|Any CPU
		{0050D461-7062-4DA0-BA66-E01F057B66A2}.Debug|x86.Build.0 = Debug|Any CPU
		{0050D461-7062-4DA0-BA66-E01F057B66A2}.Release|Any CPU.ActiveCfg = Release|Any CPU
		{0050D461-7062-4DA0-BA66-E01F057B66A2}.Release|Any CPU.Build.0 = Release|Any CPU
		{0050D461-7062-4DA0-BA66-E01F057B66A2}.Release|x86.ActiveCfg = Release|Any CPU
		{0050D461-7062-4DA0-BA66-E01F057B66A2}.Release|x86.Build.0 = Release|Any CPU
		{365ACAB4-5A9A-4DF8-A0A5-6D3F6ADEC63B}.Debug|Any CPU.ActiveCfg = Debug|Any CPU
		{365ACAB4-5A9A-4DF8-A0A5-6D3F6ADEC63B}.Debug|Any CPU.Build.0 = Debug|Any CPU
		{365ACAB4-5A9A-4DF8-A0A5-6D3F6ADEC63B}.Debug|x86.ActiveCfg = Debug|Any CPU
		{365ACAB4-5A9A-4DF8-A0A5-6D3F6ADEC63B}.Debug|x86.Build.0 = Debug|Any CPU
		{365ACAB4-5A9A-4DF8-A0A5-6D3F6ADEC63B}.Release|Any CPU.ActiveCfg = Release|Any CPU
		{365ACAB4-5A9A-4DF8-A0A5-6D3F6ADEC63B}.Release|Any CPU.Build.0 = Release|Any CPU
		{365ACAB4-5A9A-4DF8-A0A5-6D3F6ADEC63B}.Release|x86.ActiveCfg = Release|Any CPU
		{365ACAB4-5A9A-4DF8-A0A5-6D3F6ADEC63B}.Release|x86.Build.0 = Release|Any CPU
		{B082BD43-67CE-44AB-AA56-BB2172642CB8}.Debug|Any CPU.ActiveCfg = Debug|Any CPU
		{B082BD43-67CE-44AB-AA56-BB2172642CB8}.Debug|Any CPU.Build.0 = Debug|Any CPU
		{B082BD43-67CE-44AB-AA56-BB2172642CB8}.Debug|x86.ActiveCfg = Debug|Any CPU
		{B082BD43-67CE-44AB-AA56-BB2172642CB8}.Debug|x86.Build.0 = Debug|Any CPU
		{B082BD43-67CE-44AB-AA56-BB2172642CB8}.Release|Any CPU.ActiveCfg = Release|Any CPU
		{B082BD43-67CE-44AB-AA56-BB2172642CB8}.Release|Any CPU.Build.0 = Release|Any CPU
		{B082BD43-67CE-44AB-AA56-BB2172642CB8}.Release|x86.ActiveCfg = Release|Any CPU
		{B082BD43-67CE-44AB-AA56-BB2172642CB8}.Release|x86.Build.0 = Release|Any CPU
		{B1665387-EF91-4CA0-82BB-66E5781ED800}.Debug|Any CPU.ActiveCfg = Debug|Any CPU
		{B1665387-EF91-4CA0-82BB-66E5781ED800}.Debug|Any CPU.Build.0 = Debug|Any CPU
		{B1665387-EF91-4CA0-82BB-66E5781ED800}.Debug|x86.ActiveCfg = Debug|Any CPU
		{B1665387-EF91-4CA0-82BB-66E5781ED800}.Debug|x86.Build.0 = Debug|Any CPU
		{B1665387-EF91-4CA0-82BB-66E5781ED800}.Release|Any CPU.ActiveCfg = Release|Any CPU
		{B1665387-EF91-4CA0-82BB-66E5781ED800}.Release|Any CPU.Build.0 = Release|Any CPU
		{B1665387-EF91-4CA0-82BB-66E5781ED800}.Release|x86.ActiveCfg = Release|Any CPU
		{B1665387-EF91-4CA0-82BB-66E5781ED800}.Release|x86.Build.0 = Release|Any CPU
	EndGlobalSection
	GlobalSection(SolutionProperties) = preSolution
		HideSolutionNode = FALSE
	EndGlobalSection
EndGlobal
