
Microsoft Visual Studio Solution File, Format Version 12.00
# Visual Studio 14
VisualStudioVersion = 14.0.23107.0
MinimumVisualStudioVersion = 10.0.40219.1
Project("{FAE04EC0-301F-11D3-BF4B-00C04F79EFBC}") = "DefaultApp", "DefaultApp\DefaultApp\DefaultApp.csproj", "{1CF3B72C-7379-49EF-919A-0CA0E0E23D75}"
EndProject
Project("{FAE04EC0-301F-11D3-BF4B-00C04F79EFBC}") = "DefaultApp.AppWinForms", "DefaultApp\DefaultApp.AppWinForms\DefaultApp.AppWinForms.csproj", "{B1002B91-5455-48A6-AE40-4728562C535A}"
EndProject
Project("{FAE04EC0-301F-11D3-BF4B-00C04F79EFBC}") = "DefaultApp.AppConsole", "DefaultApp\DefaultApp.AppConsole\DefaultApp.AppConsole.csproj", "{9B81A0F9-A784-4712-9B05-972F2F3974A7}"
EndProject
Project("{FAE04EC0-301F-11D3-BF4B-00C04F79EFBC}") = "DefaultApp.Resources", "DefaultApp\DefaultApp.Resources\DefaultApp.Resources.csproj", "{F305F6B8-49ED-488F-84A2-A0FFB9C04E96}"
EndProject
Project("{FAE04EC0-301F-11D3-BF4B-00C04F79EFBC}") = "DefaultApp.ServiceModel", "DefaultApp\DefaultApp.ServiceModel\DefaultApp.ServiceModel.csproj", "{E3B59013-2DEA-4960-BB33-FE76532FA6C0}"
EndProject
Project("{FAE04EC0-301F-11D3-BF4B-00C04F79EFBC}") = "DefaultApp.ServiceInterface", "DefaultApp\DefaultApp.ServiceInterface\DefaultApp.ServiceInterface.csproj", "{3A4F106A-84C0-493C-A348-3611CE929FDD}"
EndProject
Project("{FAE04EC0-301F-11D3-BF4B-00C04F79EFBC}") = "DefaultApp.Tests", "DefaultApp\DefaultApp.Tests\DefaultApp.Tests.csproj", "{B1665387-EF91-4CA0-82BB-66E5781ED800}"
EndProject
Global
	GlobalSection(SolutionConfigurationPlatforms) = preSolution
		Debug|Any CPU = Debug|Any CPU
		Debug|x86 = Debug|x86
		Release|Any CPU = Release|Any CPU
		Release|x86 = Release|x86
	EndGlobalSection
	GlobalSection(ProjectConfigurationPlatforms) = postSolution
		{1CF3B72C-7379-49EF-919A-0CA0E0E23D75}.Debug|Any CPU.ActiveCfg = Debug|Any CPU
		{1CF3B72C-7379-49EF-919A-0CA0E0E23D75}.Debug|Any CPU.Build.0 = Debug|Any CPU
		{1CF3B72C-7379-49EF-919A-0CA0E0E23D75}.Debug|x86.ActiveCfg = Debug|Any CPU
		{1CF3B72C-7379-49EF-919A-0CA0E0E23D75}.Debug|x86.Build.0 = Debug|Any CPU
		{1CF3B72C-7379-49EF-919A-0CA0E0E23D75}.Release|Any CPU.ActiveCfg = Release|Any CPU
		{1CF3B72C-7379-49EF-919A-0CA0E0E23D75}.Release|Any CPU.Build.0 = Release|Any CPU
		{1CF3B72C-7379-49EF-919A-0CA0E0E23D75}.Release|x86.ActiveCfg = Release|Any CPU
		{1CF3B72C-7379-49EF-919A-0CA0E0E23D75}.Release|x86.Build.0 = Release|Any CPU
		{B1002B91-5455-48A6-AE40-4728562C535A}.Debug|Any CPU.ActiveCfg = Debug|Any CPU
		{B1002B91-5455-48A6-AE40-4728562C535A}.Debug|Any CPU.Build.0 = Debug|Any CPU
		{B1002B91-5455-48A6-AE40-4728562C535A}.Debug|x86.ActiveCfg = Debug|x86
		{B1002B91-5455-48A6-AE40-4728562C535A}.Debug|x86.Build.0 = Debug|x86
		{B1002B91-5455-48A6-AE40-4728562C535A}.Release|Any CPU.ActiveCfg = Release|Any CPU
		{B1002B91-5455-48A6-AE40-4728562C535A}.Release|Any CPU.Build.0 = Release|Any CPU
		{B1002B91-5455-48A6-AE40-4728562C535A}.Release|x86.ActiveCfg = Release|x86
		{B1002B91-5455-48A6-AE40-4728562C535A}.Release|x86.Build.0 = Release|x86
		{9B81A0F9-A784-4712-9B05-972F2F3974A7}.Debug|Any CPU.ActiveCfg = Debug|Any CPU
		{9B81A0F9-A784-4712-9B05-972F2F3974A7}.Debug|Any CPU.Build.0 = Debug|Any CPU
		{9B81A0F9-A784-4712-9B05-972F2F3974A7}.Debug|x86.ActiveCfg = Debug|Any CPU
		{9B81A0F9-A784-4712-9B05-972F2F3974A7}.Debug|x86.Build.0 = Debug|Any CPU
		{9B81A0F9-A784-4712-9B05-972F2F3974A7}.Release|Any CPU.ActiveCfg = Release|Any CPU
		{9B81A0F9-A784-4712-9B05-972F2F3974A7}.Release|Any CPU.Build.0 = Release|Any CPU
		{9B81A0F9-A784-4712-9B05-972F2F3974A7}.Release|x86.ActiveCfg = Release|Any CPU
		{9B81A0F9-A784-4712-9B05-972F2F3974A7}.Release|x86.Build.0 = Release|Any CPU
		{F305F6B8-49ED-488F-84A2-A0FFB9C04E96}.Debug|Any CPU.ActiveCfg = Debug|Any CPU
		{F305F6B8-49ED-488F-84A2-A0FFB9C04E96}.Debug|Any CPU.Build.0 = Debug|Any CPU
		{F305F6B8-49ED-488F-84A2-A0FFB9C04E96}.Debug|x86.ActiveCfg = Debug|Any CPU
		{F305F6B8-49ED-488F-84A2-A0FFB9C04E96}.Debug|x86.Build.0 = Debug|Any CPU
		{F305F6B8-49ED-488F-84A2-A0FFB9C04E96}.Release|Any CPU.ActiveCfg = Release|Any CPU
		{F305F6B8-49ED-488F-84A2-A0FFB9C04E96}.Release|Any CPU.Build.0 = Release|Any CPU
		{F305F6B8-49ED-488F-84A2-A0FFB9C04E96}.Release|x86.ActiveCfg = Release|Any CPU
		{F305F6B8-49ED-488F-84A2-A0FFB9C04E96}.Release|x86.Build.0 = Release|Any CPU
		{E3B59013-2DEA-4960-BB33-FE76532FA6C0}.Debug|Any CPU.ActiveCfg = Debug|Any CPU
		{E3B59013-2DEA-4960-BB33-FE76532FA6C0}.Debug|Any CPU.Build.0 = Debug|Any CPU
		{E3B59013-2DEA-4960-BB33-FE76532FA6C0}.Debug|x86.ActiveCfg = Debug|Any CPU
		{E3B59013-2DEA-4960-BB33-FE76532FA6C0}.Debug|x86.Build.0 = Debug|Any CPU
		{E3B59013-2DEA-4960-BB33-FE76532FA6C0}.Release|Any CPU.ActiveCfg = Release|Any CPU
		{E3B59013-2DEA-4960-BB33-FE76532FA6C0}.Release|Any CPU.Build.0 = Release|Any CPU
		{E3B59013-2DEA-4960-BB33-FE76532FA6C0}.Release|x86.ActiveCfg = Release|Any CPU
		{E3B59013-2DEA-4960-BB33-FE76532FA6C0}.Release|x86.Build.0 = Release|Any CPU
		{3A4F106A-84C0-493C-A348-3611CE929FDD}.Debug|Any CPU.ActiveCfg = Debug|Any CPU
		{3A4F106A-84C0-493C-A348-3611CE929FDD}.Debug|Any CPU.Build.0 = Debug|Any CPU
		{3A4F106A-84C0-493C-A348-3611CE929FDD}.Debug|x86.ActiveCfg = Debug|Any CPU
		{3A4F106A-84C0-493C-A348-3611CE929FDD}.Debug|x86.Build.0 = Debug|Any CPU
		{3A4F106A-84C0-493C-A348-3611CE929FDD}.Release|Any CPU.ActiveCfg = Release|Any CPU
		{3A4F106A-84C0-493C-A348-3611CE929FDD}.Release|Any CPU.Build.0 = Release|Any CPU
		{3A4F106A-84C0-493C-A348-3611CE929FDD}.Release|x86.ActiveCfg = Release|Any CPU
		{3A4F106A-84C0-493C-A348-3611CE929FDD}.Release|x86.Build.0 = Release|Any CPU
		{B1665387-EF91-4CA0-82BB-66E5781ED800}.Debug|Any CPU.ActiveCfg = Debug|Any CPU
		{B1665387-EF91-4CA0-82BB-66E5781ED800}.Debug|Any CPU.Build.0 = Debug|Any CPU
		{B1665387-EF91-4CA0-82BB-66E5781ED800}.Debug|x86.ActiveCfg = Debug|Any CPU
		{B1665387-EF91-4CA0-82BB-66E5781ED800}.Debug|x86.Build.0 = Debug|Any CPU
		{B1665387-EF91-4CA0-82BB-66E5781ED800}.Release|Any CPU.ActiveCfg = Release|Any CPU
		{B1665387-EF91-4CA0-82BB-66E5781ED800}.Release|Any CPU.Build.0 = Release|Any CPU
		{B1665387-EF91-4CA0-82BB-66E5781ED800}.Release|x86.ActiveCfg = Release|Any CPU
		{B1665387-EF91-4CA0-82BB-66E5781ED800}.Release|x86.Build.0 = Release|Any CPU
	EndGlobalSection
	GlobalSection(SolutionProperties) = preSolution
		HideSolutionNode = FALSE
	EndGlobalSection
EndGlobal
